
Microsoft Visual Studio Solution File, Format Version 12.00
# Visual Studio Version 16
VisualStudioVersion = 16.0.30804.86
MinimumVisualStudioVersion = 10.0.40219.1
Project("{FAE04EC0-301F-11D3-BF4B-00C04F79EFBC}") = "Sandras-API", "Sandras-API\Sandras-API.csproj", "{51FF9DE9-AABC-4691-8BBE-305E250E8EBD}"
EndProject
Global
	GlobalSection(SolutionConfigurationPlatforms) = preSolution
		Debug|Any CPU = Debug|Any CPU
		Release|Any CPU = Release|Any CPU
	EndGlobalSection
	GlobalSection(ProjectConfigurationPlatforms) = postSolution
		{51FF9DE9-AABC-4691-8BBE-305E250E8EBD}.Debug|Any CPU.ActiveCfg = Debug|Any CPU
		{51FF9DE9-AABC-4691-8BBE-305E250E8EBD}.Debug|Any CPU.Build.0 = Debug|Any CPU
		{51FF9DE9-AABC-4691-8BBE-305E250E8EBD}.Release|Any CPU.ActiveCfg = Release|Any CPU
		{51FF9DE9-AABC-4691-8BBE-305E250E8EBD}.Release|Any CPU.Build.0 = Release|Any CPU
	EndGlobalSection
	GlobalSection(SolutionProperties) = preSolution
		HideSolutionNode = FALSE
	EndGlobalSection
	GlobalSection(ExtensibilityGlobals) = postSolution
		SolutionGuid = {428960E8-6517-40AF-A26C-3938EE6F1043}
	EndGlobalSection
EndGlobal
